
Microsoft Visual Studio Solution File, Format Version 12.00
# Visual Studio Version 17
VisualStudioVersion = 17.14.36109.1 d17.14
MinimumVisualStudioVersion = 10.0.40219.1
Project("{FAE04EC0-301F-11D3-BF4B-00C04F79EFBC}") = "XmlHandler", "XmlHandler\XmlHandler.csproj", "{AF4E7BB4-16FD-490E-9628-2CA50E41D97B}"
EndProject
Global
	GlobalSection(SolutionConfigurationPlatforms) = preSolution
		Debug|Any CPU = Debug|Any CPU
		Release|Any CPU = Release|Any CPU
	EndGlobalSection
	GlobalSection(ProjectConfigurationPlatforms) = postSolution
		{AF4E7BB4-16FD-490E-9628-2CA50E41D97B}.Debug|Any CPU.ActiveCfg = Debug|Any CPU
		{AF4E7BB4-16FD-490E-9628-2CA50E41D97B}.Debug|Any CPU.Build.0 = Debug|Any CPU
		{AF4E7BB4-16FD-490E-9628-2CA50E41D97B}.Release|Any CPU.ActiveCfg = Release|Any CPU
		{AF4E7BB4-16FD-490E-9628-2CA50E41D97B}.Release|Any CPU.Build.0 = Release|Any CPU
	EndGlobalSection
	GlobalSection(SolutionProperties) = preSolution
		HideSolutionNode = FALSE
	EndGlobalSection
	GlobalSection(ExtensibilityGlobals) = postSolution
		SolutionGuid = {C46D9115-8958-4C70-AF80-69A1F37B5051}
	EndGlobalSection
EndGlobal
